// !$*UTF8*$!
{
	archiveVersion = 1;
	classes = {
	};
	objectVersion = 46;
	objects = {

/* Begin PBXBuildFile section */
		F2079AE620109714004279E5 /* AppDelegate.swift in Sources */ = {isa = PBXBuildFile; fileRef = F2079AE520109714004279E5 /* AppDelegate.swift */; };
		F2079AE820109714004279E5 /* ViewController.swift in Sources */ = {isa = PBXBuildFile; fileRef = F2079AE720109714004279E5 /* ViewController.swift */; };
		F2079AEB20109714004279E5 /* Main.storyboard in Resources */ = {isa = PBXBuildFile; fileRef = F2079AE920109714004279E5 /* Main.storyboard */; };
		F2079AED20109715004279E5 /* Assets.xcassets in Resources */ = {isa = PBXBuildFile; fileRef = F2079AEC20109715004279E5 /* Assets.xcassets */; };
		F2079AF020109715004279E5 /* LaunchScreen.storyboard in Resources */ = {isa = PBXBuildFile; fileRef = F2079AEE20109715004279E5 /* LaunchScreen.storyboard */; };
		F2079AFB20109715004279E5 /* timerTests.swift in Sources */ = {isa = PBXBuildFile; fileRef = F2079AFA20109715004279E5 /* timerTests.swift */; };
		F2079B0620109715004279E5 /* timerUITests.swift in Sources */ = {isa = PBXBuildFile; fileRef = F2079B0520109715004279E5 /* timerUITests.swift */; };
/* End PBXBuildFile section */

/* Begin PBXContainerItemProxy section */
		F2079AF720109715004279E5 /* PBXContainerItemProxy */ = {
			isa = PBXContainerItemProxy;
			containerPortal = F2079ADA20109714004279E5 /* Project object */;
			proxyType = 1;
			remoteGlobalIDString = F2079AE120109714004279E5;
			remoteInfo = timer;
		};
		F2079B0220109715004279E5 /* PBXContainerItemProxy */ = {
			isa = PBXContainerItemProxy;
			containerPortal = F2079ADA20109714004279E5 /* Project object */;
			proxyType = 1;
			remoteGlobalIDString = F2079AE120109714004279E5;
			remoteInfo = timer;
		};
/* End PBXContainerItemProxy section */

/* Begin PBXFileReference section */
		F2002B9E2015DEBF00D095A3 /* UIKit.framework */ = {isa = PBXFileReference; lastKnownFileType = wrapper.framework; name = UIKit.framework; path = System/Library/Frameworks/UIKit.framework; sourceTree = SDKROOT; };
		F2079AE220109714004279E5 /* timer.app */ = {isa = PBXFileReference; explicitFileType = wrapper.application; includeInIndex = 0; path = timer.app; sourceTree = BUILT_PRODUCTS_DIR; };
		F2079AE520109714004279E5 /* AppDelegate.swift */ = {isa = PBXFileReference; lastKnownFileType = sourcecode.swift; path = AppDelegate.swift; sourceTree = "<group>"; };
		F2079AE720109714004279E5 /* ViewController.swift */ = {isa = PBXFileReference; lastKnownFileType = sourcecode.swift; path = ViewController.swift; sourceTree = "<group>"; };
		F2079AEA20109714004279E5 /* Base */ = {isa = PBXFileReference; lastKnownFileType = file.storyboard; name = Base; path = Base.lproj/Main.storyboard; sourceTree = "<group>"; };
		F2079AEC20109715004279E5 /* Assets.xcassets */ = {isa = PBXFileReference; lastKnownFileType = folder.assetcatalog; path = Assets.xcassets; sourceTree = "<group>"; };
		F2079AEF20109715004279E5 /* Base */ = {isa = PBXFileReference; lastKnownFileType = file.storyboard; name = Base; path = Base.lproj/LaunchScreen.storyboard; sourceTree = "<group>"; };
		F2079AF120109715004279E5 /* Info.plist */ = {isa = PBXFileReference; lastKnownFileType = text.plist.xml; path = Info.plist; sourceTree = "<group>"; };
		F2079AF620109715004279E5 /* timerTests.xctest */ = {isa = PBXFileReference; explicitFileType = wrapper.cfbundle; includeInIndex = 0; path = timerTests.xctest; sourceTree = BUILT_PRODUCTS_DIR; };
		F2079AFA20109715004279E5 /* timerTests.swift */ = {isa = PBXFileReference; lastKnownFileType = sourcecode.swift; path = timerTests.swift; sourceTree = "<group>"; };
		F2079AFC20109715004279E5 /* Info.plist */ = {isa = PBXFileReference; lastKnownFileType = text.plist.xml; path = Info.plist; sourceTree = "<group>"; };
		F2079B0120109715004279E5 /* timerUITests.xctest */ = {isa = PBXFileReference; explicitFileType = wrapper.cfbundle; includeInIndex = 0; path = timerUITests.xctest; sourceTree = BUILT_PRODUCTS_DIR; };
		F2079B0520109715004279E5 /* timerUITests.swift */ = {isa = PBXFileReference; lastKnownFileType = sourcecode.swift; path = timerUITests.swift; sourceTree = "<group>"; };
		F2079B0720109715004279E5 /* Info.plist */ = {isa = PBXFileReference; lastKnownFileType = text.plist.xml; path = Info.plist; sourceTree = "<group>"; };
/* End PBXFileReference section */

/* Begin PBXFrameworksBuildPhase section */
		F2079ADF20109714004279E5 /* Frameworks */ = {
			isa = PBXFrameworksBuildPhase;
			buildActionMask = 2147483647;
			files = (
			);
			runOnlyForDeploymentPostprocessing = 0;
		};
		F2079AF320109715004279E5 /* Frameworks */ = {
			isa = PBXFrameworksBuildPhase;
			buildActionMask = 2147483647;
			files = (
			);
			runOnlyForDeploymentPostprocessing = 0;
		};
		F2079AFE20109715004279E5 /* Frameworks */ = {
			isa = PBXFrameworksBuildPhase;
			buildActionMask = 2147483647;
			files = (
			);
			runOnlyForDeploymentPostprocessing = 0;
		};
/* End PBXFrameworksBuildPhase section */

/* Begin PBXGroup section */
		F2002B9D2015DEBE00D095A3 /* Frameworks */ = {
			isa = PBXGroup;
			children = (
				F2002B9E2015DEBF00D095A3 /* UIKit.framework */,
			);
			name = Frameworks;
			sourceTree = "<group>";
		};
		F2079AD920109714004279E5 = {
			isa = PBXGroup;
			children = (
				F2079AE420109714004279E5 /* timer */,
				F2079AF920109715004279E5 /* timerTests */,
				F2079B0420109715004279E5 /* timerUITests */,
				F2079AE320109714004279E5 /* Products */,
				F2002B9D2015DEBE00D095A3 /* Frameworks */,
			);
			sourceTree = "<group>";
		};
		F2079AE320109714004279E5 /* Products */ = {
			isa = PBXGroup;
			children = (
				F2079AE220109714004279E5 /* timer.app */,
				F2079AF620109715004279E5 /* timerTests.xctest */,
				F2079B0120109715004279E5 /* timerUITests.xctest */,
			);
			name = Products;
			sourceTree = "<group>";
		};
		F2079AE420109714004279E5 /* timer */ = {
			isa = PBXGroup;
			children = (
				F2079AE520109714004279E5 /* AppDelegate.swift */,
				F2079AE720109714004279E5 /* ViewController.swift */,
				F2079AE920109714004279E5 /* Main.storyboard */,
				F2079AEC20109715004279E5 /* Assets.xcassets */,
				F2079AEE20109715004279E5 /* LaunchScreen.storyboard */,
				F2079AF120109715004279E5 /* Info.plist */,
			);
			path = timer;
			sourceTree = "<group>";
		};
		F2079AF920109715004279E5 /* timerTests */ = {
			isa = PBXGroup;
			children = (
				F2079AFA20109715004279E5 /* timerTests.swift */,
				F2079AFC20109715004279E5 /* Info.plist */,
			);
			path = timerTests;
			sourceTree = "<group>";
		};
		F2079B0420109715004279E5 /* timerUITests */ = {
			isa = PBXGroup;
			children = (
				F2079B0520109715004279E5 /* timerUITests.swift */,
				F2079B0720109715004279E5 /* Info.plist */,
			);
			path = timerUITests;
			sourceTree = "<group>";
		};
/* End PBXGroup section */

/* Begin PBXNativeTarget section */
		F2079AE120109714004279E5 /* timer */ = {
			isa = PBXNativeTarget;
			buildConfigurationList = F2079B0A20109715004279E5 /* Build configuration list for PBXNativeTarget "timer" */;
			buildPhases = (
				F2079ADE20109714004279E5 /* Sources */,
				F2079ADF20109714004279E5 /* Frameworks */,
				F2079AE020109714004279E5 /* Resources */,
			);
			buildRules = (
			);
			dependencies = (
			);
			name = timer;
			productName = timer;
			productReference = F2079AE220109714004279E5 /* timer.app */;
			productType = "com.apple.product-type.application";
		};
		F2079AF520109715004279E5 /* timerTests */ = {
			isa = PBXNativeTarget;
			buildConfigurationList = F2079B0D20109715004279E5 /* Build configuration list for PBXNativeTarget "timerTests" */;
			buildPhases = (
				F2079AF220109715004279E5 /* Sources */,
				F2079AF320109715004279E5 /* Frameworks */,
				F2079AF420109715004279E5 /* Resources */,
			);
			buildRules = (
			);
			dependencies = (
				F2079AF820109715004279E5 /* PBXTargetDependency */,
			);
			name = timerTests;
			productName = timerTests;
			productReference = F2079AF620109715004279E5 /* timerTests.xctest */;
			productType = "com.apple.product-type.bundle.unit-test";
		};
		F2079B0020109715004279E5 /* timerUITests */ = {
			isa = PBXNativeTarget;
			buildConfigurationList = F2079B1020109715004279E5 /* Build configuration list for PBXNativeTarget "timerUITests" */;
			buildPhases = (
				F2079AFD20109715004279E5 /* Sources */,
				F2079AFE20109715004279E5 /* Frameworks */,
				F2079AFF20109715004279E5 /* Resources */,
			);
			buildRules = (
			);
			dependencies = (
				F2079B0320109715004279E5 /* PBXTargetDependency */,
			);
			name = timerUITests;
			productName = timerUITests;
			productReference = F2079B0120109715004279E5 /* timerUITests.xctest */;
			productType = "com.apple.product-type.bundle.ui-testing";
		};
/* End PBXNativeTarget section */

/* Begin PBXProject section */
		F2079ADA20109714004279E5 /* Project object */ = {
			isa = PBXProject;
			attributes = {
				LastSwiftUpdateCheck = 0830;
				LastUpgradeCheck = 0830;
				ORGANIZATIONNAME = "N Manisha Reddy";
				TargetAttributes = {
					F2079AE120109714004279E5 = {
						CreatedOnToolsVersion = 8.3.2;
						ProvisioningStyle = Automatic;
					};
					F2079AF520109715004279E5 = {
						CreatedOnToolsVersion = 8.3.2;
						ProvisioningStyle = Automatic;
						TestTargetID = F2079AE120109714004279E5;
					};
					F2079B0020109715004279E5 = {
						CreatedOnToolsVersion = 8.3.2;
						ProvisioningStyle = Automatic;
						TestTargetID = F2079AE120109714004279E5;
					};
				};
			};
			buildConfigurationList = F2079ADD20109714004279E5 /* Build configuration list for PBXProject "timer" */;
			compatibilityVersion = "Xcode 3.2";
			developmentRegion = English;
			hasScannedForEncodings = 0;
			knownRegions = (
				en,
				Base,
			);
			mainGroup = F2079AD920109714004279E5;
			productRefGroup = F2079AE320109714004279E5 /* Products */;
			projectDirPath = "";
			projectRoot = "";
			targets = (
				F2079AE120109714004279E5 /* timer */,
				F2079AF520109715004279E5 /* timerTests */,
				F2079B0020109715004279E5 /* timerUITests */,
			);
		};
/* End PBXProject section */

/* Begin PBXResourcesBuildPhase section */
		F2079AE020109714004279E5 /* Resources */ = {
			isa = PBXResourcesBuildPhase;
			buildActionMask = 2147483647;
			files = (
				F2079AF020109715004279E5 /* LaunchScreen.storyboard in Resources */,
				F2079AED20109715004279E5 /* Assets.xcassets in Resources */,
				F2079AEB20109714004279E5 /* Main.storyboard in Resources */,
			);
			runOnlyForDeploymentPostprocessing = 0;
		};
		F2079AF420109715004279E5 /* Resources */ = {
			isa = PBXResourcesBuildPhase;
			buildActionMask = 2147483647;
			files = (
			);
			runOnlyForDeploymentPostprocessing = 0;
		};
		F2079AFF20109715004279E5 /* Resources */ = {
			isa = PBXResourcesBuildPhase;
			buildActionMask = 2147483647;
			files = (
			);
			runOnlyForDeploymentPostprocessing = 0;
		};
/* End PBXResourcesBuildPhase section */

/* Begin PBXSourcesBuildPhase section */
		F2079ADE20109714004279E5 /* Sources */ = {
			isa = PBXSourcesBuildPhase;
			buildActionMask = 2147483647;
			files = (
				F2079AE820109714004279E5 /* ViewController.swift in Sources */,
				F2079AE620109714004279E5 /* AppDelegate.swift in Sources */,
			);
			runOnlyForDeploymentPostprocessing = 0;
		};
		F2079AF220109715004279E5 /* Sources */ = {
			isa = PBXSourcesBuildPhase;
			buildActionMask = 2147483647;
			files = (
				F2079AFB20109715004279E5 /* timerTests.swift in Sources */,
			);
			runOnlyForDeploymentPostprocessing = 0;
		};
		F2079AFD20109715004279E5 /* Sources */ = {
			isa = PBXSourcesBuildPhase;
			buildActionMask = 2147483647;
			files = (
				F2079B0620109715004279E5 /* timerUITests.swift in Sources */,
			);
			runOnlyForDeploymentPostprocessing = 0;
		};
/* End PBXSourcesBuildPhase section */

/* Begin PBXTargetDependency section */
		F2079AF820109715004279E5 /* PBXTargetDependency */ = {
			isa = PBXTargetDependency;
			target = F2079AE120109714004279E5 /* timer */;
			targetProxy = F2079AF720109715004279E5 /* PBXContainerItemProxy */;
		};
		F2079B0320109715004279E5 /* PBXTargetDependency */ = {
			isa = PBXTargetDependency;
			target = F2079AE120109714004279E5 /* timer */;
			targetProxy = F2079B0220109715004279E5 /* PBXContainerItemProxy */;
		};
/* End PBXTargetDependency section */

/* Begin PBXVariantGroup section */
		F2079AE920109714004279E5 /* Main.storyboard */ = {
			isa = PBXVariantGroup;
			children = (
				F2079AEA20109714004279E5 /* Base */,
			);
			name = Main.storyboard;
			sourceTree = "<group>";
		};
		F2079AEE20109715004279E5 /* LaunchScreen.storyboard */ = {
			isa = PBXVariantGroup;
			children = (
				F2079AEF20109715004279E5 /* Base */,
			);
			name = LaunchScreen.storyboard;
			sourceTree = "<group>";
		};
/* End PBXVariantGroup section */

/* Begin XCBuildConfiguration section */
		F2079B0820109715004279E5 /* Debug */ = {
			isa = XCBuildConfiguration;
			buildSettings = {
				ALWAYS_SEARCH_USER_PATHS = NO;
				CLANG_ANALYZER_NONNULL = YES;
				CLANG_ANALYZER_NUMBER_OBJECT_CONVERSION = YES_AGGRESSIVE;
				CLANG_CXX_LANGUAGE_STANDARD = "gnu++0x";
				CLANG_CXX_LIBRARY = "libc++";
				CLANG_ENABLE_MODULES = YES;
				CLANG_ENABLE_OBJC_ARC = YES;
				CLANG_WARN_BOOL_CONVERSION = YES;
				CLANG_WARN_CONSTANT_CONVERSION = YES;
				CLANG_WARN_DIRECT_OBJC_ISA_USAGE = YES_ERROR;
				CLANG_WARN_DOCUMENTATION_COMMENTS = YES;
				CLANG_WARN_EMPTY_BODY = YES;
				CLANG_WARN_ENUM_CONVERSION = YES;
				CLANG_WARN_INFINITE_RECURSION = YES;
				CLANG_WARN_INT_CONVERSION = YES;
				CLANG_WARN_OBJC_ROOT_CLASS = YES_ERROR;
				CLANG_WARN_SUSPICIOUS_MOVE = YES;
				CLANG_WARN_UNREACHABLE_CODE = YES;
				CLANG_WARN__DUPLICATE_METHOD_MATCH = YES;
				"CODE_SIGN_IDENTITY[sdk=iphoneos*]" = "iPhone Developer";
				COPY_PHASE_STRIP = NO;
				DEBUG_INFORMATION_FORMAT = dwarf;
				ENABLE_STRICT_OBJC_MSGSEND = YES;
				ENABLE_TESTABILITY = YES;
				GCC_C_LANGUAGE_STANDARD = gnu99;
				GCC_DYNAMIC_NO_PIC = NO;
				GCC_NO_COMMON_BLOCKS = YES;
				GCC_OPTIMIZATION_LEVEL = 0;
				GCC_PREPROCESSOR_DEFINITIONS = (
					"DEBUG=1",
					"$(inherited)",
				);
				GCC_WARN_64_TO_32_BIT_CONVERSION = YES;
				GCC_WARN_ABOUT_RETURN_TYPE = YES_ERROR;
				GCC_WARN_UNDECLARED_SELECTOR = YES;
				GCC_WARN_UNINITIALIZED_AUTOS = YES_AGGRESSIVE;
				GCC_WARN_UNUSED_FUNCTION = YES;
				GCC_WARN_UNUSED_VARIABLE = YES;
				IPHONEOS_DEPLOYMENT_TARGET = 10.3;
				MTL_ENABLE_DEBUG_INFO = YES;
				ONLY_ACTIVE_ARCH = YES;
				SDKROOT = iphoneos;
				SWIFT_ACTIVE_COMPILATION_CONDITIONS = DEBUG;
				SWIFT_OPTIMIZATION_LEVEL = "-Onone";
				TARGETED_DEVICE_FAMILY = "1,2";
			};
			name = Debug;
		};
		F2079B0920109715004279E5 /* Release */ = {
			isa = XCBuildConfiguration;
			buildSettings = {
				ALWAYS_SEARCH_USER_PATHS = NO;
				CLANG_ANALYZER_NONNULL = YES;
				CLANG_ANALYZER_NUMBER_OBJECT_CONVERSION = YES_AGGRESSIVE;
				CLANG_CXX_LANGUAGE_STANDARD = "gnu++0x";
				CLANG_CXX_LIBRARY = "libc++";
				CLANG_ENABLE_MODULES = YES;
				CLANG_ENABLE_OBJC_ARC = YES;
				CLANG_WARN_BOOL_CONVERSION = YES;
				CLANG_WARN_CONSTANT_CONVERSION = YES;
				CLANG_WARN_DIRECT_OBJC_ISA_USAGE = YES_ERROR;
				CLANG_WARN_DOCUMENTATION_COMMENTS = YES;
				CLANG_WARN_EMPTY_BODY = YES;
				CLANG_WARN_ENUM_CONVERSION = YES;
				CLANG_WARN_INFINITE_RECURSION = YES;
				CLANG_WARN_INT_CONVERSION = YES;
				CLANG_WARN_OBJC_ROOT_CLASS = YES_ERROR;
				CLANG_WARN_SUSPICIOUS_MOVE = YES;
				CLANG_WARN_UNREACHABLE_CODE = YES;
				CLANG_WARN__DUPLICATE_METHOD_MATCH = YES;
				"CODE_SIGN_IDENTITY[sdk=iphoneos*]" = "iPhone Developer";
				COPY_PHASE_STRIP = NO;
				DEBUG_INFORMATION_FORMAT = "dwarf-with-dsym";
				ENABLE_NS_ASSERTIONS = NO;
				ENABLE_STRICT_OBJC_MSGSEND = YES;
				GCC_C_LANGUAGE_STANDARD = gnu99;
				GCC_NO_COMMON_BLOCKS = YES;
				GCC_WARN_64_TO_32_BIT_CONVERSION = YES;
				GCC_WARN_ABOUT_RETURN_TYPE = YES_ERROR;
				GCC_WARN_UNDECLARED_SELECTOR = YES;
				GCC_WARN_UNINITIALIZED_AUTOS = YES_AGGRESSIVE;
				GCC_WARN_UNUSED_FUNCTION = YES;
				GCC_WARN_UNUSED_VARIABLE = YES;
				IPHONEOS_DEPLOYMENT_TARGET = 10.3;
				MTL_ENABLE_DEBUG_INFO = NO;
				SDKROOT = iphoneos;
				SWIFT_OPTIMIZATION_LEVEL = "-Owholemodule";
				TARGETED_DEVICE_FAMILY = "1,2";
				VALIDATE_PRODUCT = YES;
			};
			name = Release;
		};
		F2079B0B20109715004279E5 /* Debug */ = {
			isa = XCBuildConfiguration;
			buildSettings = {
				ASSETCATALOG_COMPILER_APPICON_NAME = AppIcon;
				INFOPLIST_FILE = timer/Info.plist;
				IPHONEOS_DEPLOYMENT_TARGET = 9.0;
				LD_RUNPATH_SEARCH_PATHS = "$(inherited) @executable_path/Frameworks";
				PRODUCT_BUNDLE_IDENTIFIER = personal.timer;
				PRODUCT_NAME = "$(TARGET_NAME)";
				SWIFT_VERSION = 3.0;
			};
			name = Debug;
		};
		F2079B0C20109715004279E5 /* Release */ = {
			isa = XCBuildConfiguration;
			buildSettings = {
				ASSETCATALOG_COMPILER_APPICON_NAME = AppIcon;
				INFOPLIST_FILE = timer/Info.plist;
				IPHONEOS_DEPLOYMENT_TARGET = 9.0;
				LD_RUNPATH_SEARCH_PATHS = "$(inherited) @executable_path/Frameworks";
				PRODUCT_BUNDLE_IDENTIFIER = personal.timer;
				PRODUCT_NAME = "$(TARGET_NAME)";
				SWIFT_VERSION = 3.0;
			};
			name = Release;
		};
		F2079B0E20109715004279E5 /* Debug */ = {
			isa = XCBuildConfiguration;
			buildSettings = {
				ALWAYS_EMBED_SWIFT_STANDARD_LIBRARIES = YES;
				BUNDLE_LOADER = "$(TEST_HOST)";
				INFOPLIST_FILE = timerTests/Info.plist;
				LD_RUNPATH_SEARCH_PATHS = "$(inherited) @executable_path/Frameworks @loader_path/Frameworks";
				PRODUCT_BUNDLE_IDENTIFIER = personal.timerTests;
				PRODUCT_NAME = "$(TARGET_NAME)";
				SWIFT_VERSION = 3.0;
				TEST_HOST = "$(BUILT_PRODUCTS_DIR)/timer.app/timer";
			};
			name = Debug;
		};
		F2079B0F20109715004279E5 /* Release */ = {
			isa = XCBuildConfiguration;
			buildSettings = {
				ALWAYS_EMBED_SWIFT_STANDARD_LIBRARIES = YES;
				BUNDLE_LOADER = "$(TEST_HOST)";
				INFOPLIST_FILE = timerTests/Info.plist;
				LD_RUNPATH_SEARCH_PATHS = "$(inherited) @executable_path/Frameworks @loader_path/Frameworks";
				PRODUCT_BUNDLE_IDENTIFIER = personal.timerTests;
				PRODUCT_NAME = "$(TARGET_NAME)";
				SWIFT_VERSION = 3.0;
				TEST_HOST = "$(BUILT_PRODUCTS_DIR)/timer.app/timer";
			};
			name = Release;
		};
		F2079B1120109715004279E5 /* Debug */ = {
			isa = XCBuildConfiguration;
			buildSettings = {
				ALWAYS_EMBED_SWIFT_STANDARD_LIBRARIES = YES;
				INFOPLIST_FILE = timerUITests/Info.plist;
				LD_RUNPATH_SEARCH_PATHS = "$(inherited) @executable_path/Frameworks @loader_path/Frameworks";
				PRODUCT_BUNDLE_IDENTIFIER = personal.timerUITests;
				PRODUCT_NAME = "$(TARGET_NAME)";
				SWIFT_VERSION = 3.0;
				TEST_TARGET_NAME = timer;
			};
			name = Debug;
		};
		F2079B1220109715004279E5 /* Release */ = {
			isa = XCBuildConfiguration;
			buildSettings = {
				ALWAYS_EMBED_SWIFT_STANDARD_LIBRARIES = YES;
				INFOPLIST_FILE = timerUITests/Info.plist;
				LD_RUNPATH_SEARCH_PATHS = "$(inherited) @executable_path/Frameworks @loader_path/Frameworks";
				PRODUCT_BUNDLE_IDENTIFIER = personal.timerUITests;
				PRODUCT_NAME = "$(TARGET_NAME)";
				SWIFT_VERSION = 3.0;
				TEST_TARGET_NAME = timer;
			};
			name = Release;
		};
/* End XCBuildConfiguration section */

/* Begin XCConfigurationList section */
		F2079ADD20109714004279E5 /* Build configuration list for PBXProject "timer" */ = {
			isa = XCConfigurationList;
			buildConfigurations = (
				F2079B0820109715004279E5 /* Debug */,
				F2079B0920109715004279E5 /* Release */,
			);
			defaultConfigurationIsVisible = 0;
			defaultConfigurationName = Release;
		};
		F2079B0A20109715004279E5 /* Build configuration list for PBXNativeTarget "timer" */ = {
			isa = XCConfigurationList;
			buildConfigurations = (
				F2079B0B20109715004279E5 /* Debug */,
				F2079B0C20109715004279E5 /* Release */,
			);
			defaultConfigurationIsVisible = 0;
			defaultConfigurationName = Release;
		};
		F2079B0D20109715004279E5 /* Build configuration list for PBXNativeTarget "timerTests" */ = {
			isa = XCConfigurationList;
			buildConfigurations = (
				F2079B0E20109715004279E5 /* Debug */,
				F2079B0F20109715004279E5 /* Release */,
			);
			defaultConfigurationIsVisible = 0;
			defaultConfigurationName = Release;
		};
		F2079B1020109715004279E5 /* Build configuration list for PBXNativeTarget "timerUITests" */ = {
			isa = XCConfigurationList;
			buildConfigurations = (
				F2079B1120109715004279E5 /* Debug */,
				F2079B1220109715004279E5 /* Release */,
			);
			defaultConfigurationIsVisible = 0;
			defaultConfigurationName = Release;
		};
/* End XCConfigurationList section */
	};
	rootObject = F2079ADA20109714004279E5 /* Project object */;
}
